
Microsoft Visual Studio Solution File, Format Version 12.00
# Visual Studio Version 17
VisualStudioVersion = 17.12.35707.178 d17.12
MinimumVisualStudioVersion = 10.0.40219.1
Project("{FAE04EC0-301F-11D3-BF4B-00C04F79EFBC}") = "BlakeSoftware", "BlakeSoftware\BlakeSoftware.csproj", "{29AD6543-B9C2-44D2-909A-7A79E9290BA0}"
EndProject
Project("{FAE04EC0-301F-11D3-BF4B-00C04F79EFBC}") = "BlakeSoftware.Client", "BlakeSoftware.Client\BlakeSoftware.Client.csproj", "{2A23F352-8B53-4EA2-AB4A-257B3EA00E55}"
EndProject
Global
	GlobalSection(SolutionConfigurationPlatforms) = preSolution
		Debug|Any CPU = Debug|Any CPU
		Release|Any CPU = Release|Any CPU
	EndGlobalSection
	GlobalSection(ProjectConfigurationPlatforms) = postSolution
		{29AD6543-B9C2-44D2-909A-7A79E9290BA0}.Debug|Any CPU.ActiveCfg = Debug|Any CPU
		{29AD6543-B9C2-44D2-909A-7A79E9290BA0}.Debug|Any CPU.Build.0 = Debug|Any CPU
		{29AD6543-B9C2-44D2-909A-7A79E9290BA0}.Release|Any CPU.ActiveCfg = Release|Any CPU
		{29AD6543-B9C2-44D2-909A-7A79E9290BA0}.Release|Any CPU.Build.0 = Release|Any CPU
		{2A23F352-8B53-4EA2-AB4A-257B3EA00E55}.Debug|Any CPU.ActiveCfg = Debug|Any CPU
		{2A23F352-8B53-4EA2-AB4A-257B3EA00E55}.Debug|Any CPU.Build.0 = Debug|Any CPU
		{2A23F352-8B53-4EA2-AB4A-257B3EA00E55}.Release|Any CPU.ActiveCfg = Release|Any CPU
		{2A23F352-8B53-4EA2-AB4A-257B3EA00E55}.Release|Any CPU.Build.0 = Release|Any CPU
	EndGlobalSection
	GlobalSection(SolutionProperties) = preSolution
		HideSolutionNode = FALSE
	EndGlobalSection
EndGlobal
